
Microsoft Visual Studio Solution File, Format Version 12.00
# Visual Studio 2013
VisualStudioVersion = 12.0.30723.0
MinimumVisualStudioVersion = 10.0.40219.1
Project("{FAE04EC0-301F-11D3-BF4B-00C04F79EFBC}") = "DayZTradeCenter.UI.Web", "DayZTradeCenter.UI.Web\DayZTradeCenter.UI.Web.csproj", "{E8CBA2A2-CF50-4356-9741-9F3CCA012172}"
EndProject
Project("{2150E333-8FDC-42A3-9474-1A3956D46DE8}") = "Solution Items", "Solution Items", "{7DF76246-6877-4DEE-80A0-7217532B7227}"
	ProjectSection(SolutionItems) = preProject
		Version.cs = Version.cs
	EndProjectSection
EndProject
Project("{FAE04EC0-301F-11D3-BF4B-00C04F79EFBC}") = "DayZTradeCenter.DomainModel", "DayZTradeCenter.DomainModel\DayZTradeCenter.DomainModel.csproj", "{45D4516E-5575-4B1E-A31E-D7228D7F191E}"
EndProject
Project("{2150E333-8FDC-42A3-9474-1A3956D46DE8}") = "Tests", "Tests", "{3FFE9B2F-9296-4BA0-8359-13E7590A26FF}"
EndProject
Project("{FAE04EC0-301F-11D3-BF4B-00C04F79EFBC}") = "DayZTradeCenter.Tests.Unit", "DayZTradeCenter.Tests.Unit\DayZTradeCenter.Tests.Unit.csproj", "{1699B342-1005-49D0-9416-12B4F0009191}"
EndProject
Project("{FAE04EC0-301F-11D3-BF4B-00C04F79EFBC}") = "DayZTradeCenter.Modules", "DayZTradeCenter.Modules\DayZTradeCenter.Modules.csproj", "{A2A91437-8648-4909-9ED6-6FD45EB5390B}"
EndProject
Project("{FAE04EC0-301F-11D3-BF4B-00C04F79EFBC}") = "DayZTradeCenter.Resources", "DayZTradeCenter.Resources\DayZTradeCenter.Resources.csproj", "{0143ED5B-FC30-4ACC-BBE6-1605D766FE36}"
EndProject
Global
	GlobalSection(SolutionConfigurationPlatforms) = preSolution
		Debug|Any CPU = Debug|Any CPU
		DebugFakeLogin|Any CPU = DebugFakeLogin|Any CPU
		Release|Any CPU = Release|Any CPU
	EndGlobalSection
	GlobalSection(ProjectConfigurationPlatforms) = postSolution
		{E8CBA2A2-CF50-4356-9741-9F3CCA012172}.Debug|Any CPU.ActiveCfg = Debug|Any CPU
		{E8CBA2A2-CF50-4356-9741-9F3CCA012172}.Debug|Any CPU.Build.0 = Debug|Any CPU
		{E8CBA2A2-CF50-4356-9741-9F3CCA012172}.DebugFakeLogin|Any CPU.ActiveCfg = DebugFakeLogin|Any CPU
		{E8CBA2A2-CF50-4356-9741-9F3CCA012172}.DebugFakeLogin|Any CPU.Build.0 = DebugFakeLogin|Any CPU
		{E8CBA2A2-CF50-4356-9741-9F3CCA012172}.Release|Any CPU.ActiveCfg = Release|Any CPU
		{E8CBA2A2-CF50-4356-9741-9F3CCA012172}.Release|Any CPU.Build.0 = Release|Any CPU
		{45D4516E-5575-4B1E-A31E-D7228D7F191E}.Debug|Any CPU.ActiveCfg = Debug|Any CPU
		{45D4516E-5575-4B1E-A31E-D7228D7F191E}.Debug|Any CPU.Build.0 = Debug|Any CPU
		{45D4516E-5575-4B1E-A31E-D7228D7F191E}.DebugFakeLogin|Any CPU.ActiveCfg = Debug|Any CPU
		{45D4516E-5575-4B1E-A31E-D7228D7F191E}.DebugFakeLogin|Any CPU.Build.0 = Debug|Any CPU
		{45D4516E-5575-4B1E-A31E-D7228D7F191E}.Release|Any CPU.ActiveCfg = Release|Any CPU
		{45D4516E-5575-4B1E-A31E-D7228D7F191E}.Release|Any CPU.Build.0 = Release|Any CPU
		{1699B342-1005-49D0-9416-12B4F0009191}.Debug|Any CPU.ActiveCfg = Debug|Any CPU
		{1699B342-1005-49D0-9416-12B4F0009191}.Debug|Any CPU.Build.0 = Debug|Any CPU
		{1699B342-1005-49D0-9416-12B4F0009191}.DebugFakeLogin|Any CPU.ActiveCfg = Debug|Any CPU
		{1699B342-1005-49D0-9416-12B4F0009191}.DebugFakeLogin|Any CPU.Build.0 = Debug|Any CPU
		{1699B342-1005-49D0-9416-12B4F0009191}.Release|Any CPU.ActiveCfg = Release|Any CPU
		{1699B342-1005-49D0-9416-12B4F0009191}.Release|Any CPU.Build.0 = Release|Any CPU
		{A2A91437-8648-4909-9ED6-6FD45EB5390B}.Debug|Any CPU.ActiveCfg = Debug|Any CPU
		{A2A91437-8648-4909-9ED6-6FD45EB5390B}.Debug|Any CPU.Build.0 = Debug|Any CPU
		{A2A91437-8648-4909-9ED6-6FD45EB5390B}.DebugFakeLogin|Any CPU.ActiveCfg = Debug|Any CPU
		{A2A91437-8648-4909-9ED6-6FD45EB5390B}.DebugFakeLogin|Any CPU.Build.0 = Debug|Any CPU
		{A2A91437-8648-4909-9ED6-6FD45EB5390B}.Release|Any CPU.ActiveCfg = Release|Any CPU
		{A2A91437-8648-4909-9ED6-6FD45EB5390B}.Release|Any CPU.Build.0 = Release|Any CPU
		{0143ED5B-FC30-4ACC-BBE6-1605D766FE36}.Debug|Any CPU.ActiveCfg = Debug|Any CPU
		{0143ED5B-FC30-4ACC-BBE6-1605D766FE36}.Debug|Any CPU.Build.0 = Debug|Any CPU
		{0143ED5B-FC30-4ACC-BBE6-1605D766FE36}.DebugFakeLogin|Any CPU.ActiveCfg = Debug|Any CPU
		{0143ED5B-FC30-4ACC-BBE6-1605D766FE36}.DebugFakeLogin|Any CPU.Build.0 = Debug|Any CPU
		{0143ED5B-FC30-4ACC-BBE6-1605D766FE36}.Release|Any CPU.ActiveCfg = Release|Any CPU
		{0143ED5B-FC30-4ACC-BBE6-1605D766FE36}.Release|Any CPU.Build.0 = Release|Any CPU
	EndGlobalSection
	GlobalSection(SolutionProperties) = preSolution
		HideSolutionNode = FALSE
	EndGlobalSection
	GlobalSection(NestedProjects) = preSolution
		{1699B342-1005-49D0-9416-12B4F0009191} = {3FFE9B2F-9296-4BA0-8359-13E7590A26FF}
	EndGlobalSection
EndGlobal
